// !$*UTF8*$!
{
	archiveVersion = 1;
	classes = {
	};
	objectVersion = 46;
	objects = {

/* Begin PBXBuildFile section */
		89423C62D8D5870B9F33617F /* libPods-SelectCountry.a in Frameworks */ = {isa = PBXBuildFile; fileRef = A96C6C6DB424258A27CD5B6C /* libPods-SelectCountry.a */; };
		F1CAE7341AD446AC003ACCC9 /* main.m in Sources */ = {isa = PBXBuildFile; fileRef = F1CAE7331AD446AC003ACCC9 /* main.m */; };
		F1CAE7371AD446AC003ACCC9 /* AppDelegate.m in Sources */ = {isa = PBXBuildFile; fileRef = F1CAE7361AD446AC003ACCC9 /* AppDelegate.m */; };
		F1CAE73D1AD446AC003ACCC9 /* Main.storyboard in Resources */ = {isa = PBXBuildFile; fileRef = F1CAE73B1AD446AC003ACCC9 /* Main.storyboard */; };
		F1CAE73F1AD446AC003ACCC9 /* Images.xcassets in Resources */ = {isa = PBXBuildFile; fileRef = F1CAE73E1AD446AC003ACCC9 /* Images.xcassets */; };
		F1CAE7421AD446AC003ACCC9 /* LaunchScreen.xib in Resources */ = {isa = PBXBuildFile; fileRef = F1CAE7401AD446AC003ACCC9 /* LaunchScreen.xib */; };
		F1CAE74E1AD446AC003ACCC9 /* SelectCountryTests.m in Sources */ = {isa = PBXBuildFile; fileRef = F1CAE74D1AD446AC003ACCC9 /* SelectCountryTests.m */; };
		F1CAE7591AD44705003ACCC9 /* SelectCountryTVC.m in Sources */ = {isa = PBXBuildFile; fileRef = F1CAE7581AD44705003ACCC9 /* SelectCountryTVC.m */; };
		F1CAE75E1AD44726003ACCC9 /* Synchronizer.m in Sources */ = {isa = PBXBuildFile; fileRef = F1CAE75D1AD44726003ACCC9 /* Synchronizer.m */; };
/* End PBXBuildFile section */

/* Begin PBXContainerItemProxy section */
		F1CAE7481AD446AC003ACCC9 /* PBXContainerItemProxy */ = {
			isa = PBXContainerItemProxy;
			containerPortal = F1CAE7261AD446AC003ACCC9 /* Project object */;
			proxyType = 1;
			remoteGlobalIDString = F1CAE72D1AD446AC003ACCC9;
			remoteInfo = SelectCountry;
		};
/* End PBXContainerItemProxy section */

/* Begin PBXFileReference section */
		2BE352D34758658FB060D21B /* Pods-SelectCountry.debug.xcconfig */ = {isa = PBXFileReference; includeInIndex = 1; lastKnownFileType = text.xcconfig; name = "Pods-SelectCountry.debug.xcconfig"; path = "Pods/Target Support Files/Pods-SelectCountry/Pods-SelectCountry.debug.xcconfig"; sourceTree = "<group>"; };
		A96C6C6DB424258A27CD5B6C /* libPods-SelectCountry.a */ = {isa = PBXFileReference; explicitFileType = archive.ar; includeInIndex = 0; path = "libPods-SelectCountry.a"; sourceTree = BUILT_PRODUCTS_DIR; };
		D5C10C2D83D26B90234899A0 /* Pods-SelectCountry.release.xcconfig */ = {isa = PBXFileReference; includeInIndex = 1; lastKnownFileType = text.xcconfig; name = "Pods-SelectCountry.release.xcconfig"; path = "Pods/Target Support Files/Pods-SelectCountry/Pods-SelectCountry.release.xcconfig"; sourceTree = "<group>"; };
		F1CAE72E1AD446AC003ACCC9 /* SelectCountry.app */ = {isa = PBXFileReference; explicitFileType = wrapper.application; includeInIndex = 0; path = SelectCountry.app; sourceTree = BUILT_PRODUCTS_DIR; };
		F1CAE7321AD446AC003ACCC9 /* Info.plist */ = {isa = PBXFileReference; lastKnownFileType = text.plist.xml; path = Info.plist; sourceTree = "<group>"; };
		F1CAE7331AD446AC003ACCC9 /* main.m */ = {isa = PBXFileReference; lastKnownFileType = sourcecode.c.objc; path = main.m; sourceTree = "<group>"; };
		F1CAE7351AD446AC003ACCC9 /* AppDelegate.h */ = {isa = PBXFileReference; lastKnownFileType = sourcecode.c.h; path = AppDelegate.h; sourceTree = "<group>"; };
		F1CAE7361AD446AC003ACCC9 /* AppDelegate.m */ = {isa = PBXFileReference; lastKnownFileType = sourcecode.c.objc; path = AppDelegate.m; sourceTree = "<group>"; };
		F1CAE73C1AD446AC003ACCC9 /* Base */ = {isa = PBXFileReference; lastKnownFileType = file.storyboard; name = Base; path = Base.lproj/Main.storyboard; sourceTree = "<group>"; };
		F1CAE73E1AD446AC003ACCC9 /* Images.xcassets */ = {isa = PBXFileReference; lastKnownFileType = folder.assetcatalog; path = Images.xcassets; sourceTree = "<group>"; };
		F1CAE7411AD446AC003ACCC9 /* Base */ = {isa = PBXFileReference; lastKnownFileType = file.xib; name = Base; path = Base.lproj/LaunchScreen.xib; sourceTree = "<group>"; };
		F1CAE7471AD446AC003ACCC9 /* SelectCountryTests.xctest */ = {isa = PBXFileReference; explicitFileType = wrapper.cfbundle; includeInIndex = 0; path = SelectCountryTests.xctest; sourceTree = BUILT_PRODUCTS_DIR; };
		F1CAE74C1AD446AC003ACCC9 /* Info.plist */ = {isa = PBXFileReference; lastKnownFileType = text.plist.xml; path = Info.plist; sourceTree = "<group>"; };
		F1CAE74D1AD446AC003ACCC9 /* SelectCountryTests.m */ = {isa = PBXFileReference; lastKnownFileType = sourcecode.c.objc; path = SelectCountryTests.m; sourceTree = "<group>"; };
		F1CAE7571AD44705003ACCC9 /* SelectCountryTVC.h */ = {isa = PBXFileReference; fileEncoding = 4; lastKnownFileType = sourcecode.c.h; path = SelectCountryTVC.h; sourceTree = "<group>"; };
		F1CAE7581AD44705003ACCC9 /* SelectCountryTVC.m */ = {isa = PBXFileReference; fileEncoding = 4; lastKnownFileType = sourcecode.c.objc; path = SelectCountryTVC.m; sourceTree = "<group>"; };
		F1CAE75C1AD44726003ACCC9 /* Synchronizer.h */ = {isa = PBXFileReference; fileEncoding = 4; lastKnownFileType = sourcecode.c.h; path = Synchronizer.h; sourceTree = "<group>"; };
		F1CAE75D1AD44726003ACCC9 /* Synchronizer.m */ = {isa = PBXFileReference; fileEncoding = 4; lastKnownFileType = sourcecode.c.objc; path = Synchronizer.m; sourceTree = "<group>"; };
/* End PBXFileReference section */

/* Begin PBXFrameworksBuildPhase section */
		F1CAE72B1AD446AC003ACCC9 /* Frameworks */ = {
			isa = PBXFrameworksBuildPhase;
			buildActionMask = 2147483647;
			files = (
				89423C62D8D5870B9F33617F /* libPods-SelectCountry.a in Frameworks */,
			);
			runOnlyForDeploymentPostprocessing = 0;
		};
		F1CAE7441AD446AC003ACCC9 /* Frameworks */ = {
			isa = PBXFrameworksBuildPhase;
			buildActionMask = 2147483647;
			files = (
			);
			runOnlyForDeploymentPostprocessing = 0;
		};
/* End PBXFrameworksBuildPhase section */

/* Begin PBXGroup section */
		1395E6CE7543445AB970A7AC /* Pods */ = {
			isa = PBXGroup;
			children = (
				2BE352D34758658FB060D21B /* Pods-SelectCountry.debug.xcconfig */,
				D5C10C2D83D26B90234899A0 /* Pods-SelectCountry.release.xcconfig */,
			);
			name = Pods;
			sourceTree = "<group>";
		};
		A5B7AAFF0ABB2A9B9D3A0F54 /* Frameworks */ = {
			isa = PBXGroup;
			children = (
				A96C6C6DB424258A27CD5B6C /* libPods-SelectCountry.a */,
			);
			name = Frameworks;
			sourceTree = "<group>";
		};
		F1CAE7251AD446AC003ACCC9 = {
			isa = PBXGroup;
			children = (
				F1CAE7301AD446AC003ACCC9 /* SelectCountry */,
				F1CAE74A1AD446AC003ACCC9 /* SelectCountryTests */,
				F1CAE72F1AD446AC003ACCC9 /* Products */,
				1395E6CE7543445AB970A7AC /* Pods */,
				A5B7AAFF0ABB2A9B9D3A0F54 /* Frameworks */,
			);
			sourceTree = "<group>";
		};
		F1CAE72F1AD446AC003ACCC9 /* Products */ = {
			isa = PBXGroup;
			children = (
				F1CAE72E1AD446AC003ACCC9 /* SelectCountry.app */,
				F1CAE7471AD446AC003ACCC9 /* SelectCountryTests.xctest */,
			);
			name = Products;
			sourceTree = "<group>";
		};
		F1CAE7301AD446AC003ACCC9 /* SelectCountry */ = {
			isa = PBXGroup;
			children = (
				F1CAE75F1AD4472C003ACCC9 /* Model */,
				F1CAE75B1AD44710003ACCC9 /* View */,
				F1CAE75A1AD44709003ACCC9 /* Controller */,
				F1CAE73E1AD446AC003ACCC9 /* Images.xcassets */,
				F1CAE7401AD446AC003ACCC9 /* LaunchScreen.xib */,
				F1CAE7311AD446AC003ACCC9 /* Supporting Files */,
			);
			path = SelectCountry;
			sourceTree = "<group>";
		};
		F1CAE7311AD446AC003ACCC9 /* Supporting Files */ = {
			isa = PBXGroup;
			children = (
				F1CAE7351AD446AC003ACCC9 /* AppDelegate.h */,
				F1CAE7361AD446AC003ACCC9 /* AppDelegate.m */,
				F1CAE7321AD446AC003ACCC9 /* Info.plist */,
				F1CAE7331AD446AC003ACCC9 /* main.m */,
			);
			name = "Supporting Files";
			sourceTree = "<group>";
		};
		F1CAE74A1AD446AC003ACCC9 /* SelectCountryTests */ = {
			isa = PBXGroup;
			children = (
				F1CAE74D1AD446AC003ACCC9 /* SelectCountryTests.m */,
				F1CAE74B1AD446AC003ACCC9 /* Supporting Files */,
			);
			path = SelectCountryTests;
			sourceTree = "<group>";
		};
		F1CAE74B1AD446AC003ACCC9 /* Supporting Files */ = {
			isa = PBXGroup;
			children = (
				F1CAE74C1AD446AC003ACCC9 /* Info.plist */,
			);
			name = "Supporting Files";
			sourceTree = "<group>";
		};
		F1CAE75A1AD44709003ACCC9 /* Controller */ = {
			isa = PBXGroup;
			children = (
				F1CAE7571AD44705003ACCC9 /* SelectCountryTVC.h */,
				F1CAE7581AD44705003ACCC9 /* SelectCountryTVC.m */,
			);
			name = Controller;
			sourceTree = "<group>";
		};
		F1CAE75B1AD44710003ACCC9 /* View */ = {
			isa = PBXGroup;
			children = (
				F1CAE73B1AD446AC003ACCC9 /* Main.storyboard */,
			);
			name = View;
			sourceTree = "<group>";
		};
		F1CAE75F1AD4472C003ACCC9 /* Model */ = {
			isa = PBXGroup;
			children = (
				F1CAE75C1AD44726003ACCC9 /* Synchronizer.h */,
				F1CAE75D1AD44726003ACCC9 /* Synchronizer.m */,
			);
			name = Model;
			sourceTree = "<group>";
		};
/* End PBXGroup section */

/* Begin PBXNativeTarget section */
		F1CAE72D1AD446AC003ACCC9 /* SelectCountry */ = {
			isa = PBXNativeTarget;
			buildConfigurationList = F1CAE7511AD446AC003ACCC9 /* Build configuration list for PBXNativeTarget "SelectCountry" */;
			buildPhases = (
				2085E133B4652DD205F2A5FD /* Check Pods Manifest.lock */,
				F1CAE72A1AD446AC003ACCC9 /* Sources */,
				F1CAE72B1AD446AC003ACCC9 /* Frameworks */,
				F1CAE72C1AD446AC003ACCC9 /* Resources */,
				B36792FDBC0739AD56FB036D /* Copy Pods Resources */,
			);
			buildRules = (
			);
			dependencies = (
			);
			name = SelectCountry;
			productName = SelectCountry;
			productReference = F1CAE72E1AD446AC003ACCC9 /* SelectCountry.app */;
			productType = "com.apple.product-type.application";
		};
		F1CAE7461AD446AC003ACCC9 /* SelectCountryTests */ = {
			isa = PBXNativeTarget;
			buildConfigurationList = F1CAE7541AD446AC003ACCC9 /* Build configuration list for PBXNativeTarget "SelectCountryTests" */;
			buildPhases = (
				F1CAE7431AD446AC003ACCC9 /* Sources */,
				F1CAE7441AD446AC003ACCC9 /* Frameworks */,
				F1CAE7451AD446AC003ACCC9 /* Resources */,
			);
			buildRules = (
			);
			dependencies = (
				F1CAE7491AD446AC003ACCC9 /* PBXTargetDependency */,
			);
			name = SelectCountryTests;
			productName = SelectCountryTests;
			productReference = F1CAE7471AD446AC003ACCC9 /* SelectCountryTests.xctest */;
			productType = "com.apple.product-type.bundle.unit-test";
		};
/* End PBXNativeTarget section */

/* Begin PBXProject section */
		F1CAE7261AD446AC003ACCC9 /* Project object */ = {
			isa = PBXProject;
			attributes = {
				LastUpgradeCheck = 0620;
				ORGANIZATIONNAME = "Mundo Mac";
				TargetAttributes = {
					F1CAE72D1AD446AC003ACCC9 = {
						CreatedOnToolsVersion = 6.2;
					};
					F1CAE7461AD446AC003ACCC9 = {
						CreatedOnToolsVersion = 6.2;
						TestTargetID = F1CAE72D1AD446AC003ACCC9;
					};
				};
			};
			buildConfigurationList = F1CAE7291AD446AC003ACCC9 /* Build configuration list for PBXProject "SelectCountry" */;
			compatibilityVersion = "Xcode 3.2";
			developmentRegion = English;
			hasScannedForEncodings = 0;
			knownRegions = (
				en,
				Base,
			);
			mainGroup = F1CAE7251AD446AC003ACCC9;
			productRefGroup = F1CAE72F1AD446AC003ACCC9 /* Products */;
			projectDirPath = "";
			projectRoot = "";
			targets = (
				F1CAE72D1AD446AC003ACCC9 /* SelectCountry */,
				F1CAE7461AD446AC003ACCC9 /* SelectCountryTests */,
			);
		};
/* End PBXProject section */

/* Begin PBXResourcesBuildPhase section */
		F1CAE72C1AD446AC003ACCC9 /* Resources */ = {
			isa = PBXResourcesBuildPhase;
			buildActionMask = 2147483647;
			files = (
				F1CAE73D1AD446AC003ACCC9 /* Main.storyboard in Resources */,
				F1CAE7421AD446AC003ACCC9 /* LaunchScreen.xib in Resources */,
				F1CAE73F1AD446AC003ACCC9 /* Images.xcassets in Resources */,
			);
			runOnlyForDeploymentPostprocessing = 0;
		};
		F1CAE7451AD446AC003ACCC9 /* Resources */ = {
			isa = PBXResourcesBuildPhase;
			buildActionMask = 2147483647;
			files = (
			);
			runOnlyForDeploymentPostprocessing = 0;
		};
/* End PBXResourcesBuildPhase section */

/* Begin PBXShellScriptBuildPhase section */
		2085E133B4652DD205F2A5FD /* Check Pods Manifest.lock */ = {
			isa = PBXShellScriptBuildPhase;
			buildActionMask = 2147483647;
			files = (
			);
			inputPaths = (
			);
			name = "Check Pods Manifest.lock";
			outputPaths = (
			);
			runOnlyForDeploymentPostprocessing = 0;
			shellPath = /bin/sh;
			shellScript = "diff \"${PODS_ROOT}/../Podfile.lock\" \"${PODS_ROOT}/Manifest.lock\" > /dev/null\nif [[ $? != 0 ]] ; then\n    cat << EOM\nerror: The sandbox is not in sync with the Podfile.lock. Run 'pod install' or update your CocoaPods installation.\nEOM\n    exit 1\nfi\n";
			showEnvVarsInLog = 0;
		};
		B36792FDBC0739AD56FB036D /* Copy Pods Resources */ = {
			isa = PBXShellScriptBuildPhase;
			buildActionMask = 2147483647;
			files = (
			);
			inputPaths = (
			);
			name = "Copy Pods Resources";
			outputPaths = (
			);
			runOnlyForDeploymentPostprocessing = 0;
			shellPath = /bin/sh;
			shellScript = "\"${SRCROOT}/Pods/Target Support Files/Pods-SelectCountry/Pods-SelectCountry-resources.sh\"\n";
			showEnvVarsInLog = 0;
		};
/* End PBXShellScriptBuildPhase section */

/* Begin PBXSourcesBuildPhase section */
		F1CAE72A1AD446AC003ACCC9 /* Sources */ = {
			isa = PBXSourcesBuildPhase;
			buildActionMask = 2147483647;
			files = (
				F1CAE7591AD44705003ACCC9 /* SelectCountryTVC.m in Sources */,
				F1CAE7371AD446AC003ACCC9 /* AppDelegate.m in Sources */,
				F1CAE7341AD446AC003ACCC9 /* main.m in Sources */,
				F1CAE75E1AD44726003ACCC9 /* Synchronizer.m in Sources */,
			);
			runOnlyForDeploymentPostprocessing = 0;
		};
		F1CAE7431AD446AC003ACCC9 /* Sources */ = {
			isa = PBXSourcesBuildPhase;
			buildActionMask = 2147483647;
			files = (
				F1CAE74E1AD446AC003ACCC9 /* SelectCountryTests.m in Sources */,
			);
			runOnlyForDeploymentPostprocessing = 0;
		};
/* End PBXSourcesBuildPhase section */

/* Begin PBXTargetDependency section */
		F1CAE7491AD446AC003ACCC9 /* PBXTargetDependency */ = {
			isa = PBXTargetDependency;
			target = F1CAE72D1AD446AC003ACCC9 /* SelectCountry */;
			targetProxy = F1CAE7481AD446AC003ACCC9 /* PBXContainerItemProxy */;
		};
/* End PBXTargetDependency section */

/* Begin PBXVariantGroup section */
		F1CAE73B1AD446AC003ACCC9 /* Main.storyboard */ = {
			isa = PBXVariantGroup;
			children = (
				F1CAE73C1AD446AC003ACCC9 /* Base */,
			);
			name = Main.storyboard;
			sourceTree = "<group>";
		};
		F1CAE7401AD446AC003ACCC9 /* LaunchScreen.xib */ = {
			isa = PBXVariantGroup;
			children = (
				F1CAE7411AD446AC003ACCC9 /* Base */,
			);
			name = LaunchScreen.xib;
			sourceTree = "<group>";
		};
/* End PBXVariantGroup section */

/* Begin XCBuildConfiguration section */
		F1CAE74F1AD446AC003ACCC9 /* Debug */ = {
			isa = XCBuildConfiguration;
			buildSettings = {
				ALWAYS_SEARCH_USER_PATHS = NO;
				CLANG_CXX_LANGUAGE_STANDARD = "gnu++0x";
				CLANG_CXX_LIBRARY = "libc++";
				CLANG_ENABLE_MODULES = YES;
				CLANG_ENABLE_OBJC_ARC = YES;
				CLANG_WARN_BOOL_CONVERSION = YES;
				CLANG_WARN_CONSTANT_CONVERSION = YES;
				CLANG_WARN_DIRECT_OBJC_ISA_USAGE = YES_ERROR;
				CLANG_WARN_EMPTY_BODY = YES;
				CLANG_WARN_ENUM_CONVERSION = YES;
				CLANG_WARN_INT_CONVERSION = YES;
				CLANG_WARN_OBJC_ROOT_CLASS = YES_ERROR;
				CLANG_WARN_UNREACHABLE_CODE = YES;
				CLANG_WARN__DUPLICATE_METHOD_MATCH = YES;
				"CODE_SIGN_IDENTITY[sdk=iphoneos*]" = "iPhone Developer";
				COPY_PHASE_STRIP = NO;
				ENABLE_STRICT_OBJC_MSGSEND = YES;
				GCC_C_LANGUAGE_STANDARD = gnu99;
				GCC_DYNAMIC_NO_PIC = NO;
				GCC_OPTIMIZATION_LEVEL = 0;
				GCC_PREPROCESSOR_DEFINITIONS = (
					"DEBUG=1",
					"$(inherited)",
				);
				GCC_SYMBOLS_PRIVATE_EXTERN = NO;
				GCC_WARN_64_TO_32_BIT_CONVERSION = YES;
				GCC_WARN_ABOUT_RETURN_TYPE = YES_ERROR;
				GCC_WARN_UNDECLARED_SELECTOR = YES;
				GCC_WARN_UNINITIALIZED_AUTOS = YES_AGGRESSIVE;
				GCC_WARN_UNUSED_FUNCTION = YES;
				GCC_WARN_UNUSED_VARIABLE = YES;
				IPHONEOS_DEPLOYMENT_TARGET = 8.2;
				MTL_ENABLE_DEBUG_INFO = YES;
				ONLY_ACTIVE_ARCH = YES;
				SDKROOT = iphoneos;
			};
			name = Debug;
		};
		F1CAE7501AD446AC003ACCC9 /* Release */ = {
			isa = XCBuildConfiguration;
			buildSettings = {
				ALWAYS_SEARCH_USER_PATHS = NO;
				CLANG_CXX_LANGUAGE_STANDARD = "gnu++0x";
				CLANG_CXX_LIBRARY = "libc++";
				CLANG_ENABLE_MODULES = YES;
				CLANG_ENABLE_OBJC_ARC = YES;
				CLANG_WARN_BOOL_CONVERSION = YES;
				CLANG_WARN_CONSTANT_CONVERSION = YES;
				CLANG_WARN_DIRECT_OBJC_ISA_USAGE = YES_ERROR;
				CLANG_WARN_EMPTY_BODY = YES;
				CLANG_WARN_ENUM_CONVERSION = YES;
				CLANG_WARN_INT_CONVERSION = YES;
				CLANG_WARN_OBJC_ROOT_CLASS = YES_ERROR;
				CLANG_WARN_UNREACHABLE_CODE = YES;
				CLANG_WARN__DUPLICATE_METHOD_MATCH = YES;
				"CODE_SIGN_IDENTITY[sdk=iphoneos*]" = "iPhone Developer";
				COPY_PHASE_STRIP = NO;
				ENABLE_NS_ASSERTIONS = NO;
				ENABLE_STRICT_OBJC_MSGSEND = YES;
				GCC_C_LANGUAGE_STANDARD = gnu99;
				GCC_WARN_64_TO_32_BIT_CONVERSION = YES;
				GCC_WARN_ABOUT_RETURN_TYPE = YES_ERROR;
				GCC_WARN_UNDECLARED_SELECTOR = YES;
				GCC_WARN_UNINITIALIZED_AUTOS = YES_AGGRESSIVE;
				GCC_WARN_UNUSED_FUNCTION = YES;
				GCC_WARN_UNUSED_VARIABLE = YES;
				IPHONEOS_DEPLOYMENT_TARGET = 8.2;
				MTL_ENABLE_DEBUG_INFO = NO;
				SDKROOT = iphoneos;
				VALIDATE_PRODUCT = YES;
			};
			name = Release;
		};
		F1CAE7521AD446AC003ACCC9 /* Debug */ = {
			isa = XCBuildConfiguration;
			baseConfigurationReference = 2BE352D34758658FB060D21B /* Pods-SelectCountry.debug.xcconfig */;
			buildSettings = {
				ASSETCATALOG_COMPILER_APPICON_NAME = AppIcon;
				INFOPLIST_FILE = SelectCountry/Info.plist;
				LD_RUNPATH_SEARCH_PATHS = "$(inherited) @executable_path/Frameworks";
				PRODUCT_NAME = "$(TARGET_NAME)";
			};
			name = Debug;
		};
		F1CAE7531AD446AC003ACCC9 /* Release */ = {
			isa = XCBuildConfiguration;
			baseConfigurationReference = D5C10C2D83D26B90234899A0 /* Pods-SelectCountry.release.xcconfig */;
			buildSettings = {
				ASSETCATALOG_COMPILER_APPICON_NAME = AppIcon;
				INFOPLIST_FILE = SelectCountry/Info.plist;
				LD_RUNPATH_SEARCH_PATHS = "$(inherited) @executable_path/Frameworks";
				PRODUCT_NAME = "$(TARGET_NAME)";
			};
			name = Release;
		};
		F1CAE7551AD446AC003ACCC9 /* Debug */ = {
			isa = XCBuildConfiguration;
			buildSettings = {
				BUNDLE_LOADER = "$(TEST_HOST)";
				FRAMEWORK_SEARCH_PATHS = (
					"$(SDKROOT)/Developer/Library/Frameworks",
					"$(inherited)",
				);
				GCC_PREPROCESSOR_DEFINITIONS = (
					"DEBUG=1",
					"$(inherited)",
				);
				INFOPLIST_FILE = SelectCountryTests/Info.plist;
				LD_RUNPATH_SEARCH_PATHS = "$(inherited) @executable_path/Frameworks @loader_path/Frameworks";
				PRODUCT_NAME = "$(TARGET_NAME)";
				TEST_HOST = "$(BUILT_PRODUCTS_DIR)/SelectCountry.app/SelectCountry";
			};
			name = Debug;
		};
		F1CAE7561AD446AC003ACCC9 /* Release */ = {
			isa = XCBuildConfiguration;
			buildSettings = {
				BUNDLE_LOADER = "$(TEST_HOST)";
				FRAMEWORK_SEARCH_PATHS = (
					"$(SDKROOT)/Developer/Library/Frameworks",
					"$(inherited)",
				);
				INFOPLIST_FILE = SelectCountryTests/Info.plist;
				LD_RUNPATH_SEARCH_PATHS = "$(inherited) @executable_path/Frameworks @loader_path/Frameworks";
				PRODUCT_NAME = "$(TARGET_NAME)";
				TEST_HOST = "$(BUILT_PRODUCTS_DIR)/SelectCountry.app/SelectCountry";
			};
			name = Release;
		};
/* End XCBuildConfiguration section */

/* Begin XCConfigurationList section */
		F1CAE7291AD446AC003ACCC9 /* Build configuration list for PBXProject "SelectCountry" */ = {
			isa = XCConfigurationList;
			buildConfigurations = (
				F1CAE74F1AD446AC003ACCC9 /* Debug */,
				F1CAE7501AD446AC003ACCC9 /* Release */,
			);
			defaultConfigurationIsVisible = 0;
			defaultConfigurationName = Release;
		};
		F1CAE7511AD446AC003ACCC9 /* Build configuration list for PBXNativeTarget "SelectCountry" */ = {
			isa = XCConfigurationList;
			buildConfigurations = (
				F1CAE7521AD446AC003ACCC9 /* Debug */,
				F1CAE7531AD446AC003ACCC9 /* Release */,
			);
			defaultConfigurationIsVisible = 0;
			defaultConfigurationName = Release;
		};
		F1CAE7541AD446AC003ACCC9 /* Build configuration list for PBXNativeTarget "SelectCountryTests" */ = {
			isa = XCConfigurationList;
			buildConfigurations = (
				F1CAE7551AD446AC003ACCC9 /* Debug */,
				F1CAE7561AD446AC003ACCC9 /* Release */,
			);
			defaultConfigurationIsVisible = 0;
			defaultConfigurationName = Release;
		};
/* End XCConfigurationList section */
	};
	rootObject = F1CAE7261AD446AC003ACCC9 /* Project object */;
}
